
Microsoft Visual Studio Solution File, Format Version 12.00
# Visual Studio Version 17
VisualStudioVersion = 17.9.34622.214
MinimumVisualStudioVersion = 10.0.40219.1
Project("{FAE04EC0-301F-11D3-BF4B-00C04F79EFBC}") = "3UTB", "3UTB\3UTB.csproj", "{559B789E-0D00-4181-8BFE-B3D746CCF2B1}"
EndProject
Project("{2150E333-8FDC-42A3-9474-1A3956D46DE8}") = "Solution Items", "Solution Items", "{A19CB5FE-9988-4C65-B842-8D49E04F1405}"
	ProjectSection(SolutionItems) = preProject
		.editorconfig = .editorconfig
	EndProjectSection
EndProject
Global
	GlobalSection(SolutionConfigurationPlatforms) = preSolution
		Debug|Any CPU = Debug|Any CPU
		Release|Any CPU = Release|Any CPU
	EndGlobalSection
	GlobalSection(ProjectConfigurationPlatforms) = postSolution
		{559B789E-0D00-4181-8BFE-B3D746CCF2B1}.Debug|Any CPU.ActiveCfg = Debug|Any CPU
		{559B789E-0D00-4181-8BFE-B3D746CCF2B1}.Debug|Any CPU.Build.0 = Debug|Any CPU
		{559B789E-0D00-4181-8BFE-B3D746CCF2B1}.Release|Any CPU.ActiveCfg = Release|Any CPU
		{559B789E-0D00-4181-8BFE-B3D746CCF2B1}.Release|Any CPU.Build.0 = Release|Any CPU
	EndGlobalSection
	GlobalSection(SolutionProperties) = preSolution
		HideSolutionNode = FALSE
	EndGlobalSection
	GlobalSection(ExtensibilityGlobals) = postSolution
		SolutionGuid = {BBD2CCA0-2D4E-4EAD-A9EC-70E889ABA1AF}
	EndGlobalSection
EndGlobal
